
Microsoft Visual Studio Solution File, Format Version 12.00
# Visual Studio Version 17
VisualStudioVersion = 17.8.34408.163
MinimumVisualStudioVersion = 10.0.40219.1
Project("{FAE04EC0-301F-11D3-BF4B-00C04F79EFBC}") = "InventarioRa", "InventarioRa\InventarioRa.csproj", "{BD0D5FD4-9226-4C2E-87A7-604A17982387}"
EndProject
Global
	GlobalSection(SolutionConfigurationPlatforms) = preSolution
		Debug|Any CPU = Debug|Any CPU
		Release|Any CPU = Release|Any CPU
	EndGlobalSection
	GlobalSection(ProjectConfigurationPlatforms) = postSolution
		{BD0D5FD4-9226-4C2E-87A7-604A17982387}.Debug|Any CPU.ActiveCfg = Debug|Any CPU
		{BD0D5FD4-9226-4C2E-87A7-604A17982387}.Debug|Any CPU.Build.0 = Debug|Any CPU
		{BD0D5FD4-9226-4C2E-87A7-604A17982387}.Debug|Any CPU.Deploy.0 = Debug|Any CPU
		{BD0D5FD4-9226-4C2E-87A7-604A17982387}.Release|Any CPU.ActiveCfg = Release|Any CPU
		{BD0D5FD4-9226-4C2E-87A7-604A17982387}.Release|Any CPU.Build.0 = Release|Any CPU
		{BD0D5FD4-9226-4C2E-87A7-604A17982387}.Release|Any CPU.Deploy.0 = Release|Any CPU
	EndGlobalSection
	GlobalSection(SolutionProperties) = preSolution
		HideSolutionNode = FALSE
	EndGlobalSection
	GlobalSection(ExtensibilityGlobals) = postSolution
		SolutionGuid = {F2AF9CD0-EB8E-4A0D-8566-F9EB229DF9F6}
	EndGlobalSection
EndGlobal
